
Microsoft Visual Studio Solution File, Format Version 12.00
# Visual Studio Version 16
VisualStudioVersion = 16.0.30406.217
MinimumVisualStudioVersion = 10.0.40219.1
Project("{FAE04EC0-301F-11D3-BF4B-00C04F79EFBC}") = "CustomLanguage", "CustomLanguage\CustomLanguage.csproj", "{9441553B-3C20-460C-B3F1-C53EE63D1535}"
EndProject
Global
	GlobalSection(SolutionConfigurationPlatforms) = preSolution
		Debug|Any CPU = Debug|Any CPU
		Release|Any CPU = Release|Any CPU
	EndGlobalSection
	GlobalSection(ProjectConfigurationPlatforms) = postSolution
		{9441553B-3C20-460C-B3F1-C53EE63D1535}.Debug|Any CPU.ActiveCfg = Debug|Any CPU
		{9441553B-3C20-460C-B3F1-C53EE63D1535}.Debug|Any CPU.Build.0 = Debug|Any CPU
		{9441553B-3C20-460C-B3F1-C53EE63D1535}.Release|Any CPU.ActiveCfg = Release|Any CPU
		{9441553B-3C20-460C-B3F1-C53EE63D1535}.Release|Any CPU.Build.0 = Release|Any CPU
	EndGlobalSection
	GlobalSection(SolutionProperties) = preSolution
		HideSolutionNode = FALSE
	EndGlobalSection
	GlobalSection(ExtensibilityGlobals) = postSolution
		SolutionGuid = {A02DBCB6-B8E0-4C75-B63F-AC0E08443FD6}
	EndGlobalSection
EndGlobal
